
Microsoft Visual Studio Solution File, Format Version 12.00
# Visual Studio Version 17
VisualStudioVersion = 17.10.35013.160
MinimumVisualStudioVersion = 10.0.40219.1
Project("{FAE04EC0-301F-11D3-BF4B-00C04F79EFBC}") = "LucasClassManagementApi", "LucasClassManagementApi.csproj", "{BB653358-A917-4B47-BE82-6528AD299A27}"
EndProject
Global
	GlobalSection(SolutionConfigurationPlatforms) = preSolution
		Debug|Any CPU = Debug|Any CPU
		Release|Any CPU = Release|Any CPU
	EndGlobalSection
	GlobalSection(ProjectConfigurationPlatforms) = postSolution
		{BB653358-A917-4B47-BE82-6528AD299A27}.Debug|Any CPU.ActiveCfg = Debug|Any CPU
		{BB653358-A917-4B47-BE82-6528AD299A27}.Debug|Any CPU.Build.0 = Debug|Any CPU
		{BB653358-A917-4B47-BE82-6528AD299A27}.Release|Any CPU.ActiveCfg = Release|Any CPU
		{BB653358-A917-4B47-BE82-6528AD299A27}.Release|Any CPU.Build.0 = Release|Any CPU
	EndGlobalSection
	GlobalSection(SolutionProperties) = preSolution
		HideSolutionNode = FALSE
	EndGlobalSection
	GlobalSection(ExtensibilityGlobals) = postSolution
		SolutionGuid = {4BBD796E-00BA-44E2-96BC-B5A1BBB6409D}
	EndGlobalSection
EndGlobal
